
Microsoft Visual Studio Solution File, Format Version 12.00
# Visual Studio Version 17
VisualStudioVersion = 17.10.34928.147
MinimumVisualStudioVersion = 10.0.40219.1
Project("{FAE04EC0-301F-11D3-BF4B-00C04F79EFBC}") = "RPSGame", "Rock-Paper-Scissors\RPSGame.csproj", "{5707F435-A06D-4DD1-B710-BAE0C1F24B8D}"
EndProject
Project("{FAE04EC0-301F-11D3-BF4B-00C04F79EFBC}") = "RPSGameTests", "RPSGameTests\RPSGameTests.csproj", "{3D5AA4C5-A511-4C2F-BE03-F533D07192EE}"
EndProject
Global
	GlobalSection(SolutionConfigurationPlatforms) = preSolution
		Debug|Any CPU = Debug|Any CPU
		Release|Any CPU = Release|Any CPU
	EndGlobalSection
	GlobalSection(ProjectConfigurationPlatforms) = postSolution
		{5707F435-A06D-4DD1-B710-BAE0C1F24B8D}.Debug|Any CPU.ActiveCfg = Debug|Any CPU
		{5707F435-A06D-4DD1-B710-BAE0C1F24B8D}.Debug|Any CPU.Build.0 = Debug|Any CPU
		{5707F435-A06D-4DD1-B710-BAE0C1F24B8D}.Release|Any CPU.ActiveCfg = Release|Any CPU
		{5707F435-A06D-4DD1-B710-BAE0C1F24B8D}.Release|Any CPU.Build.0 = Release|Any CPU
		{3D5AA4C5-A511-4C2F-BE03-F533D07192EE}.Debug|Any CPU.ActiveCfg = Debug|Any CPU
		{3D5AA4C5-A511-4C2F-BE03-F533D07192EE}.Debug|Any CPU.Build.0 = Debug|Any CPU
		{3D5AA4C5-A511-4C2F-BE03-F533D07192EE}.Release|Any CPU.ActiveCfg = Release|Any CPU
		{3D5AA4C5-A511-4C2F-BE03-F533D07192EE}.Release|Any CPU.Build.0 = Release|Any CPU
	EndGlobalSection
	GlobalSection(SolutionProperties) = preSolution
		HideSolutionNode = FALSE
	EndGlobalSection
	GlobalSection(ExtensibilityGlobals) = postSolution
		SolutionGuid = {DB219C61-4C82-45E4-A826-84A21DC5DAFD}
	EndGlobalSection
EndGlobal
